// !$*UTF8*$!
{
	archiveVersion = 1;
	classes = {
	};
	objectVersion = 46;
	objects = {

/* Begin PBXBuildFile section */
		97FBF96D1CE7201B00B72783 /* main.m in Sources */ = {isa = PBXBuildFile; fileRef = 97FBF96C1CE7201B00B72783 /* main.m */; };
		97FBF9701CE7201B00B72783 /* AppDelegate.m in Sources */ = {isa = PBXBuildFile; fileRef = 97FBF96F1CE7201B00B72783 /* AppDelegate.m */; };
		97FBF9731CE7201B00B72783 /* MainViewController.m in Sources */ = {isa = PBXBuildFile; fileRef = 97FBF9721CE7201B00B72783 /* MainViewController.m */; };
		97FBF9761CE7201B00B72783 /* Main.storyboard in Resources */ = {isa = PBXBuildFile; fileRef = 97FBF9741CE7201B00B72783 /* Main.storyboard */; };
		97FBF9781CE7201B00B72783 /* Assets.xcassets in Resources */ = {isa = PBXBuildFile; fileRef = 97FBF9771CE7201B00B72783 /* Assets.xcassets */; };
		97FBF97B1CE7201B00B72783 /* LaunchScreen.storyboard in Resources */ = {isa = PBXBuildFile; fileRef = 97FBF9791CE7201B00B72783 /* LaunchScreen.storyboard */; };
		97FBF9851CE727B900B72783 /* SpotifyAPIController.m in Sources */ = {isa = PBXBuildFile; fileRef = 97FBF9841CE727B900B72783 /* SpotifyAPIController.m */; };
		97FBF9891CE727ED00B72783 /* Album.m in Sources */ = {isa = PBXBuildFile; fileRef = 97FBF9881CE727ED00B72783 /* Album.m */; };
		97FBF98D1CE7553100B72783 /* AlbumTableViewCell.m in Sources */ = {isa = PBXBuildFile; fileRef = 97FBF98C1CE7553100B72783 /* AlbumTableViewCell.m */; };
		97FBF9951CE8C40900B72783 /* Carouselambra W00 Regular.ttf in Resources */ = {isa = PBXBuildFile; fileRef = 97FBF9941CE8C2A500B72783 /* Carouselambra W00 Regular.ttf */; };
/* End PBXBuildFile section */

/* Begin PBXFileReference section */
		97FBF9681CE7201B00B72783 /* NOTHSTest.app */ = {isa = PBXFileReference; explicitFileType = wrapper.application; includeInIndex = 0; path = NOTHSTest.app; sourceTree = BUILT_PRODUCTS_DIR; };
		97FBF96C1CE7201B00B72783 /* main.m */ = {isa = PBXFileReference; lastKnownFileType = sourcecode.c.objc; path = main.m; sourceTree = "<group>"; };
		97FBF96E1CE7201B00B72783 /* AppDelegate.h */ = {isa = PBXFileReference; lastKnownFileType = sourcecode.c.h; path = AppDelegate.h; sourceTree = "<group>"; };
		97FBF96F1CE7201B00B72783 /* AppDelegate.m */ = {isa = PBXFileReference; lastKnownFileType = sourcecode.c.objc; path = AppDelegate.m; sourceTree = "<group>"; };
		97FBF9711CE7201B00B72783 /* MainViewController.h */ = {isa = PBXFileReference; lastKnownFileType = sourcecode.c.h; path = MainViewController.h; sourceTree = "<group>"; };
		97FBF9721CE7201B00B72783 /* MainViewController.m */ = {isa = PBXFileReference; lastKnownFileType = sourcecode.c.objc; path = MainViewController.m; sourceTree = "<group>"; };
		97FBF9751CE7201B00B72783 /* Base */ = {isa = PBXFileReference; lastKnownFileType = file.storyboard; name = Base; path = Base.lproj/Main.storyboard; sourceTree = "<group>"; };
		97FBF9771CE7201B00B72783 /* Assets.xcassets */ = {isa = PBXFileReference; lastKnownFileType = folder.assetcatalog; path = Assets.xcassets; sourceTree = "<group>"; };
		97FBF97A1CE7201B00B72783 /* Base */ = {isa = PBXFileReference; lastKnownFileType = file.storyboard; name = Base; path = Base.lproj/LaunchScreen.storyboard; sourceTree = "<group>"; };
		97FBF97C1CE7201B00B72783 /* Info.plist */ = {isa = PBXFileReference; lastKnownFileType = text.plist.xml; path = Info.plist; sourceTree = "<group>"; };
		97FBF9831CE727B900B72783 /* SpotifyAPIController.h */ = {isa = PBXFileReference; fileEncoding = 4; lastKnownFileType = sourcecode.c.h; path = SpotifyAPIController.h; sourceTree = "<group>"; };
		97FBF9841CE727B900B72783 /* SpotifyAPIController.m */ = {isa = PBXFileReference; fileEncoding = 4; lastKnownFileType = sourcecode.c.objc; path = SpotifyAPIController.m; sourceTree = "<group>"; };
		97FBF9871CE727ED00B72783 /* Album.h */ = {isa = PBXFileReference; fileEncoding = 4; lastKnownFileType = sourcecode.c.h; path = Album.h; sourceTree = "<group>"; };
		97FBF9881CE727ED00B72783 /* Album.m */ = {isa = PBXFileReference; fileEncoding = 4; lastKnownFileType = sourcecode.c.objc; path = Album.m; sourceTree = "<group>"; };
		97FBF98B1CE7553100B72783 /* AlbumTableViewCell.h */ = {isa = PBXFileReference; fileEncoding = 4; lastKnownFileType = sourcecode.c.h; path = AlbumTableViewCell.h; sourceTree = "<group>"; };
		97FBF98C1CE7553100B72783 /* AlbumTableViewCell.m */ = {isa = PBXFileReference; fileEncoding = 4; lastKnownFileType = sourcecode.c.objc; path = AlbumTableViewCell.m; sourceTree = "<group>"; };
		97FBF9941CE8C2A500B72783 /* Carouselambra W00 Regular.ttf */ = {isa = PBXFileReference; lastKnownFileType = file; path = "Carouselambra W00 Regular.ttf"; sourceTree = "<group>"; };
/* End PBXFileReference section */

/* Begin PBXFrameworksBuildPhase section */
		97FBF9651CE7201B00B72783 /* Frameworks */ = {
			isa = PBXFrameworksBuildPhase;
			buildActionMask = 2147483647;
			files = (
			);
			runOnlyForDeploymentPostprocessing = 0;
		};
/* End PBXFrameworksBuildPhase section */

/* Begin PBXGroup section */
		97FBF95F1CE7201B00B72783 = {
			isa = PBXGroup;
			children = (
				97FBF96A1CE7201B00B72783 /* NOTHSTest */,
				97FBF9691CE7201B00B72783 /* Products */,
			);
			sourceTree = "<group>";
		};
		97FBF9691CE7201B00B72783 /* Products */ = {
			isa = PBXGroup;
			children = (
				97FBF9681CE7201B00B72783 /* NOTHSTest.app */,
			);
			name = Products;
			sourceTree = "<group>";
		};
		97FBF96A1CE7201B00B72783 /* NOTHSTest */ = {
			isa = PBXGroup;
			children = (
				97FBF96E1CE7201B00B72783 /* AppDelegate.h */,
				97FBF96F1CE7201B00B72783 /* AppDelegate.m */,
				97FBF9821CE7275D00B72783 /* ViewControllers */,
				97FBF9861CE727CC00B72783 /* Controllers */,
				97FBF98A1CE727F500B72783 /* Models */,
				97FBF98E1CE7553E00B72783 /* Custom Cells */,
				97FBF9741CE7201B00B72783 /* Main.storyboard */,
				97FBF9771CE7201B00B72783 /* Assets.xcassets */,
				97FBF9791CE7201B00B72783 /* LaunchScreen.storyboard */,
				97FBF97C1CE7201B00B72783 /* Info.plist */,
				97FBF9931CE8C27B00B72783 /* Resources */,
				97FBF96B1CE7201B00B72783 /* Supporting Files */,
			);
			path = NOTHSTest;
			sourceTree = "<group>";
		};
		97FBF96B1CE7201B00B72783 /* Supporting Files */ = {
			isa = PBXGroup;
			children = (
				97FBF96C1CE7201B00B72783 /* main.m */,
			);
			name = "Supporting Files";
			sourceTree = "<group>";
		};
		97FBF9821CE7275D00B72783 /* ViewControllers */ = {
			isa = PBXGroup;
			children = (
				97FBF9711CE7201B00B72783 /* MainViewController.h */,
				97FBF9721CE7201B00B72783 /* MainViewController.m */,
			);
			name = ViewControllers;
			sourceTree = "<group>";
		};
		97FBF9861CE727CC00B72783 /* Controllers */ = {
			isa = PBXGroup;
			children = (
				97FBF9831CE727B900B72783 /* SpotifyAPIController.h */,
				97FBF9841CE727B900B72783 /* SpotifyAPIController.m */,
			);
			name = Controllers;
			sourceTree = "<group>";
		};
		97FBF98A1CE727F500B72783 /* Models */ = {
			isa = PBXGroup;
			children = (
				97FBF9871CE727ED00B72783 /* Album.h */,
				97FBF9881CE727ED00B72783 /* Album.m */,
			);
			name = Models;
			sourceTree = "<group>";
		};
		97FBF98E1CE7553E00B72783 /* Custom Cells */ = {
			isa = PBXGroup;
			children = (
				97FBF98B1CE7553100B72783 /* AlbumTableViewCell.h */,
				97FBF98C1CE7553100B72783 /* AlbumTableViewCell.m */,
			);
			name = "Custom Cells";
			sourceTree = "<group>";
		};
		97FBF9931CE8C27B00B72783 /* Resources */ = {
			isa = PBXGroup;
			children = (
				97FBF9941CE8C2A500B72783 /* Carouselambra W00 Regular.ttf */,
			);
			name = Resources;
			sourceTree = "<group>";
		};
/* End PBXGroup section */

/* Begin PBXNativeTarget section */
		97FBF9671CE7201B00B72783 /* NOTHSTest */ = {
			isa = PBXNativeTarget;
			buildConfigurationList = 97FBF97F1CE7201B00B72783 /* Build configuration list for PBXNativeTarget "NOTHSTest" */;
			buildPhases = (
				97FBF9641CE7201B00B72783 /* Sources */,
				97FBF9651CE7201B00B72783 /* Frameworks */,
				97FBF9661CE7201B00B72783 /* Resources */,
			);
			buildRules = (
			);
			dependencies = (
			);
			name = NOTHSTest;
			productName = NOTHSTest;
			productReference = 97FBF9681CE7201B00B72783 /* NOTHSTest.app */;
			productType = "com.apple.product-type.application";
		};
/* End PBXNativeTarget section */

/* Begin PBXProject section */
		97FBF9601CE7201B00B72783 /* Project object */ = {
			isa = PBXProject;
			attributes = {
				LastUpgradeCheck = 0720;
				ORGANIZATIONNAME = "Belén Molina del Campo";
				TargetAttributes = {
					97FBF9671CE7201B00B72783 = {
						CreatedOnToolsVersion = 7.2.1;
						DevelopmentTeam = HC8LG89AQC;
					};
				};
			};
			buildConfigurationList = 97FBF9631CE7201B00B72783 /* Build configuration list for PBXProject "NOTHSTest" */;
			compatibilityVersion = "Xcode 3.2";
			developmentRegion = English;
			hasScannedForEncodings = 0;
			knownRegions = (
				en,
				Base,
			);
			mainGroup = 97FBF95F1CE7201B00B72783;
			productRefGroup = 97FBF9691CE7201B00B72783 /* Products */;
			projectDirPath = "";
			projectRoot = "";
			targets = (
				97FBF9671CE7201B00B72783 /* NOTHSTest */,
			);
		};
/* End PBXProject section */

/* Begin PBXResourcesBuildPhase section */
		97FBF9661CE7201B00B72783 /* Resources */ = {
			isa = PBXResourcesBuildPhase;
			buildActionMask = 2147483647;
			files = (
				97FBF9951CE8C40900B72783 /* Carouselambra W00 Regular.ttf in Resources */,
				97FBF97B1CE7201B00B72783 /* LaunchScreen.storyboard in Resources */,
				97FBF9781CE7201B00B72783 /* Assets.xcassets in Resources */,
				97FBF9761CE7201B00B72783 /* Main.storyboard in Resources */,
			);
			runOnlyForDeploymentPostprocessing = 0;
		};
/* End PBXResourcesBuildPhase section */

/* Begin PBXSourcesBuildPhase section */
		97FBF9641CE7201B00B72783 /* Sources */ = {
			isa = PBXSourcesBuildPhase;
			buildActionMask = 2147483647;
			files = (
				97FBF9731CE7201B00B72783 /* MainViewController.m in Sources */,
				97FBF98D1CE7553100B72783 /* AlbumTableViewCell.m in Sources */,
				97FBF9851CE727B900B72783 /* SpotifyAPIController.m in Sources */,
				97FBF9701CE7201B00B72783 /* AppDelegate.m in Sources */,
				97FBF9891CE727ED00B72783 /* Album.m in Sources */,
				97FBF96D1CE7201B00B72783 /* main.m in Sources */,
			);
			runOnlyForDeploymentPostprocessing = 0;
		};
/* End PBXSourcesBuildPhase section */

/* Begin PBXVariantGroup section */
		97FBF9741CE7201B00B72783 /* Main.storyboard */ = {
			isa = PBXVariantGroup;
			children = (
				97FBF9751CE7201B00B72783 /* Base */,
			);
			name = Main.storyboard;
			sourceTree = "<group>";
		};
		97FBF9791CE7201B00B72783 /* LaunchScreen.storyboard */ = {
			isa = PBXVariantGroup;
			children = (
				97FBF97A1CE7201B00B72783 /* Base */,
			);
			name = LaunchScreen.storyboard;
			sourceTree = "<group>";
		};
/* End PBXVariantGroup section */

/* Begin XCBuildConfiguration section */
		97FBF97D1CE7201B00B72783 /* Debug */ = {
			isa = XCBuildConfiguration;
			buildSettings = {
				ALWAYS_SEARCH_USER_PATHS = NO;
				CLANG_CXX_LANGUAGE_STANDARD = "gnu++0x";
				CLANG_CXX_LIBRARY = "libc++";
				CLANG_ENABLE_MODULES = YES;
				CLANG_ENABLE_OBJC_ARC = YES;
				CLANG_WARN_BOOL_CONVERSION = YES;
				CLANG_WARN_CONSTANT_CONVERSION = YES;
				CLANG_WARN_DIRECT_OBJC_ISA_USAGE = YES_ERROR;
				CLANG_WARN_EMPTY_BODY = YES;
				CLANG_WARN_ENUM_CONVERSION = YES;
				CLANG_WARN_INT_CONVERSION = YES;
				CLANG_WARN_OBJC_ROOT_CLASS = YES_ERROR;
				CLANG_WARN_UNREACHABLE_CODE = YES;
				CLANG_WARN__DUPLICATE_METHOD_MATCH = YES;
				"CODE_SIGN_IDENTITY[sdk=iphoneos*]" = "iPhone Developer";
				COPY_PHASE_STRIP = NO;
				DEBUG_INFORMATION_FORMAT = dwarf;
				ENABLE_STRICT_OBJC_MSGSEND = YES;
				ENABLE_TESTABILITY = YES;
				GCC_C_LANGUAGE_STANDARD = gnu99;
				GCC_DYNAMIC_NO_PIC = NO;
				GCC_NO_COMMON_BLOCKS = YES;
				GCC_OPTIMIZATION_LEVEL = 0;
				GCC_PREPROCESSOR_DEFINITIONS = (
					"DEBUG=1",
					"$(inherited)",
				);
				GCC_WARN_64_TO_32_BIT_CONVERSION = YES;
				GCC_WARN_ABOUT_RETURN_TYPE = YES_ERROR;
				GCC_WARN_UNDECLARED_SELECTOR = YES;
				GCC_WARN_UNINITIALIZED_AUTOS = YES_AGGRESSIVE;
				GCC_WARN_UNUSED_FUNCTION = YES;
				GCC_WARN_UNUSED_VARIABLE = YES;
				IPHONEOS_DEPLOYMENT_TARGET = 9.2;
				MTL_ENABLE_DEBUG_INFO = YES;
				ONLY_ACTIVE_ARCH = YES;
				SDKROOT = iphoneos;
			};
			name = Debug;
		};
		97FBF97E1CE7201B00B72783 /* Release */ = {
			isa = XCBuildConfiguration;
			buildSettings = {
				ALWAYS_SEARCH_USER_PATHS = NO;
				CLANG_CXX_LANGUAGE_STANDARD = "gnu++0x";
				CLANG_CXX_LIBRARY = "libc++";
				CLANG_ENABLE_MODULES = YES;
				CLANG_ENABLE_OBJC_ARC = YES;
				CLANG_WARN_BOOL_CONVERSION = YES;
				CLANG_WARN_CONSTANT_CONVERSION = YES;
				CLANG_WARN_DIRECT_OBJC_ISA_USAGE = YES_ERROR;
				CLANG_WARN_EMPTY_BODY = YES;
				CLANG_WARN_ENUM_CONVERSION = YES;
				CLANG_WARN_INT_CONVERSION = YES;
				CLANG_WARN_OBJC_ROOT_CLASS = YES_ERROR;
				CLANG_WARN_UNREACHABLE_CODE = YES;
				CLANG_WARN__DUPLICATE_METHOD_MATCH = YES;
				"CODE_SIGN_IDENTITY[sdk=iphoneos*]" = "iPhone Developer";
				COPY_PHASE_STRIP = NO;
				DEBUG_INFORMATION_FORMAT = "dwarf-with-dsym";
				ENABLE_NS_ASSERTIONS = NO;
				ENABLE_STRICT_OBJC_MSGSEND = YES;
				GCC_C_LANGUAGE_STANDARD = gnu99;
				GCC_NO_COMMON_BLOCKS = YES;
				GCC_WARN_64_TO_32_BIT_CONVERSION = YES;
				GCC_WARN_ABOUT_RETURN_TYPE = YES_ERROR;
				GCC_WARN_UNDECLARED_SELECTOR = YES;
				GCC_WARN_UNINITIALIZED_AUTOS = YES_AGGRESSIVE;
				GCC_WARN_UNUSED_FUNCTION = YES;
				GCC_WARN_UNUSED_VARIABLE = YES;
				IPHONEOS_DEPLOYMENT_TARGET = 9.2;
				MTL_ENABLE_DEBUG_INFO = NO;
				SDKROOT = iphoneos;
				VALIDATE_PRODUCT = YES;
			};
			name = Release;
		};
		97FBF9801CE7201B00B72783 /* Debug */ = {
			isa = XCBuildConfiguration;
			buildSettings = {
				ASSETCATALOG_COMPILER_APPICON_NAME = AppIcon;
				CODE_SIGN_IDENTITY = "iPhone Developer";
				INFOPLIST_FILE = NOTHSTest/Info.plist;
				LD_RUNPATH_SEARCH_PATHS = "$(inherited) @executable_path/Frameworks";
				PRODUCT_BUNDLE_IDENTIFIER = com.bmc.NOTHSTest;
				PRODUCT_NAME = "$(TARGET_NAME)";
			};
			name = Debug;
		};
		97FBF9811CE7201B00B72783 /* Release */ = {
			isa = XCBuildConfiguration;
			buildSettings = {
				ASSETCATALOG_COMPILER_APPICON_NAME = AppIcon;
				CODE_SIGN_IDENTITY = "iPhone Developer";
				INFOPLIST_FILE = NOTHSTest/Info.plist;
				LD_RUNPATH_SEARCH_PATHS = "$(inherited) @executable_path/Frameworks";
				PRODUCT_BUNDLE_IDENTIFIER = com.bmc.NOTHSTest;
				PRODUCT_NAME = "$(TARGET_NAME)";
			};
			name = Release;
		};
/* End XCBuildConfiguration section */

/* Begin XCConfigurationList section */
		97FBF9631CE7201B00B72783 /* Build configuration list for PBXProject "NOTHSTest" */ = {
			isa = XCConfigurationList;
			buildConfigurations = (
				97FBF97D1CE7201B00B72783 /* Debug */,
				97FBF97E1CE7201B00B72783 /* Release */,
			);
			defaultConfigurationIsVisible = 0;
			defaultConfigurationName = Release;
		};
		97FBF97F1CE7201B00B72783 /* Build configuration list for PBXNativeTarget "NOTHSTest" */ = {
			isa = XCConfigurationList;
			buildConfigurations = (
				97FBF9801CE7201B00B72783 /* Debug */,
				97FBF9811CE7201B00B72783 /* Release */,
			);
			defaultConfigurationIsVisible = 0;
			defaultConfigurationName = Release;
		};
/* End XCConfigurationList section */
	};
	rootObject = 97FBF9601CE7201B00B72783 /* Project object */;
}
